lockfileVersion: '6.0'

settings:
  autoInstallPeers: true
  excludeLinksFromLockfile: false

dependencies:
  '@euterpe.js/music-library':
    specifier: ^1.0.2
    version: 1.0.2(tslib@2.6.1)
  filehound:
    specifier: ^1.17.6
    version: 1.17.6

packages:

  /@euterpe.js/music-library@1.0.2(tslib@2.6.1):
    resolution: {integrity: sha512-fz31FnIExf8wLTmi3jOu2ydGOvMIilP8bnxeXku2HF20pPP6P0aoTtdUt0RPxAr8H3QoV+s6AJcXN/2vEynNqQ==}
    peerDependencies:
      tslib: ^2.3.0
    dependencies:
      tslib: 2.6.1
    dev: false

  /balanced-match@1.0.2:
    resolution: {integrity: sha512-3oSeUO0TMV67hN1AmbXsK4yaqU7tjiHlbxRDZOpH0KW9+CeX4bRAaX0Anxt0tx2MrpRpWwQaPwIlISEJhYU5Pw==}
    dev: false

  /bluebird@3.7.2:
    resolution: {integrity: sha512-XpNj6GDQzdfW+r2Wnn7xiSAd7TM3jzkxGXBGTtWKuSXv1xUV+azxAm8jdWZN06QTQk+2N2XB9jRDkvbmQmcRtg==}
    dev: false

  /brace-expansion@1.1.11:
    resolution: {integrity: sha512-iCuPHDFgrHX7H2vEI/5xpz07zSHB00TpugqhmYtVmMO6518mCuRMoOYFldEBl0g187ufozdaHgWKcYFb61qGiA==}
    dependencies:
      balanced-match: 1.0.2
      concat-map: 0.0.1
    dev: false

  /brace-expansion@2.0.1:
    resolution: {integrity: sha512-XnAIvQ8eM+kC6aULx6wuQiwVsnzsi9d3WxzV3FpWTGA19F621kwdbsAcFKXgKUHZWsy+mY6iL1sHTxWEFCytDA==}
    dependencies:
      balanced-match: 1.0.2
    dev: false

  /concat-map@0.0.1:
    resolution: {integrity: sha512-/Srv4dswyQNBfohGpz9o6Yb3Gz3SrUDqBH5rTuhGR7ahtlbYKnVxw2bCFMRljaA7EXHaXZ8wsHdodFvbkhKmqg==}
    dev: false

  /err-code@1.1.2:
    resolution: {integrity: sha512-CJAN+O0/yA1CKfRn9SXOGctSpEM7DCon/r/5r2eXFMY2zCCJBasFhcM5I+1kh3Ap11FsQCX+vGHceNPvpWKhoA==}
    dev: false

  /extend@3.0.2:
    resolution: {integrity: sha512-fjquC59cD7CyW6urNXK0FBufkZcoiGG80wTuPujX590cB5Ttln20E2UB4S/WARVqhXffZl2LNgS+gQdPIIim/g==}
    dev: false

  /file-js@0.3.0:
    resolution: {integrity: sha512-nZlX1pxpV6Mt8BghM3Z150bpsCT1zqil97UryusstZLSs9caYAe0Wph2UKPC3awfM2Dq4ri1Sv99KuK4EIImlA==}
    dependencies:
      bluebird: 3.7.2
      minimatch: 3.1.2
      proper-lockfile: 1.2.0
    dev: false

  /filehound@1.17.6:
    resolution: {integrity: sha512-5q4zjFkI8W2zLmvbvyvI//K882IpEj6sMNXPUQlk5H6W4Wh3OSSylEAIEmMLELP9G7ileYjTKPXOn0YzzS55Lg==}
    dependencies:
      bluebird: 3.7.2
      file-js: 0.3.0
      lodash: 4.17.21
      minimatch: 5.1.6
      moment: 2.29.4
      unit-compare: 1.0.1
    dev: false

  /graceful-fs@4.2.11:
    resolution: {integrity: sha512-RbJ5/jmFcNNCcDV5o9eTnBLJ/HszWV0P73bc+Ff4nS/rJj+YaS6IGyiOL0VoBYX+l1Wrl3k63h/KrH+nhJ0XvQ==}
    dev: false

  /lodash@4.17.21:
    resolution: {integrity: sha512-v2kDEe57lecTulaDIuNTPy3Ry4gLGJ6Z1O3vE1krgXZNrsQ+LFTGHVxVjcXPs17LhbZVGedAJv8XZ1tvj5FvSg==}
    dev: false

  /minimatch@3.1.2:
    resolution: {integrity: sha512-J7p63hRiAjw1NDEww1W7i37+ByIrOWO5XQQAzZ3VOcL0PNybwpfmV/N05zFAzwQ9USyEcX6t3UO+K5aqBQOIHw==}
    dependencies:
      brace-expansion: 1.1.11
    dev: false

  /minimatch@5.1.6:
    resolution: {integrity: sha512-lKwV/1brpG6mBUFHtb7NUmtABCb2WZZmm2wNiOA5hAb8VdCS4B3dtMWyvcoViccwAW/COERjXLt0zP1zXUN26g==}
    engines: {node: '>=10'}
    dependencies:
      brace-expansion: 2.0.1
    dev: false

  /moment@2.29.4:
    resolution: {integrity: sha512-5LC9SOxjSc2HF6vO2CyuTDNivEdoz2IvyJJGj6X8DJ0eFyfszE0QiEd+iXmBvUP3WHxSjFH/vIsA0EN00cgr8w==}
    dev: false

  /proper-lockfile@1.2.0:
    resolution: {integrity: sha512-YNjxtCoY3A+lohlLXWCYrHDhUdfU3MMnuC+ADhloDvJo586LKW23dPrjxGvRGuus05Amcf0cQy6vrjjtbJhWpw==}
    dependencies:
      err-code: 1.1.2
      extend: 3.0.2
      graceful-fs: 4.2.11
      retry: 0.10.1
    dev: false

  /retry@0.10.1:
    resolution: {integrity: sha512-ZXUSQYTHdl3uS7IuCehYfMzKyIDBNoAuUblvy5oGO5UJSUTmStUUVPXbA9Qxd173Bgre53yCQczQuHgRWAdvJQ==}
    dev: false

  /tslib@2.6.1:
    resolution: {integrity: sha512-t0hLfiEKfMUoqhG+U1oid7Pva4bbDPHYfJNiB7BiIjRkj1pyC++4N3huJfqY6aRH6VTB0rvtzQwjM4K6qpfOig==}
    dev: false

  /unit-compare@1.0.1:
    resolution: {integrity: sha512-AeLMQr8gcen2WOTwV0Gvi1nKKbY4Mms79MoltZ6hrZV/VANgE/YQly3jtWZJA/fa9m4ajhynq3XMqh5rOyZclA==}
    dependencies:
      moment: 2.29.4
    dev: false
